// !$*UTF8*$!
{
	archiveVersion = 1;
	classes = {
	};
	objectVersion = 46;
	objects = {

/* Begin PBXBuildFile section */
		61DC9DAC1B9EE71700BE3B51 /* main.m in Sources */ = {isa = PBXBuildFile; fileRef = 61DC9DAB1B9EE71700BE3B51 /* main.m */; };
		61DC9DAF1B9EE71700BE3B51 /* AppDelegate.m in Sources */ = {isa = PBXBuildFile; fileRef = 61DC9DAE1B9EE71700BE3B51 /* AppDelegate.m */; };
		61DC9DB21B9EE71700BE3B51 /* ViewController.m in Sources */ = {isa = PBXBuildFile; fileRef = 61DC9DB11B9EE71700BE3B51 /* ViewController.m */; };
		61DC9DB51B9EE71700BE3B51 /* Main.storyboard in Resources */ = {isa = PBXBuildFile; fileRef = 61DC9DB31B9EE71700BE3B51 /* Main.storyboard */; };
		61DC9DB71B9EE71700BE3B51 /* Images.xcassets in Resources */ = {isa = PBXBuildFile; fileRef = 61DC9DB61B9EE71700BE3B51 /* Images.xcassets */; };
		61DC9DBA1B9EE71700BE3B51 /* LaunchScreen.xib in Resources */ = {isa = PBXBuildFile; fileRef = 61DC9DB81B9EE71700BE3B51 /* LaunchScreen.xib */; };
		61DC9DC61B9EE71700BE3B51 /* Customized_UISwitchTests.m in Sources */ = {isa = PBXBuildFile; fileRef = 61DC9DC51B9EE71700BE3B51 /* Customized_UISwitchTests.m */; };
		61DD41AD1BA7C3A20011C21B /* OffBlack.png in Resources */ = {isa = PBXBuildFile; fileRef = 61DD41AC1BA7C3A20011C21B /* OffBlack.png */; };
		61DD41B11BA7C5850011C21B /* OffWhite.png in Resources */ = {isa = PBXBuildFile; fileRef = 61DD41AE1BA7C5850011C21B /* OffWhite.png */; };
		61DD41B21BA7C5850011C21B /* OnBlack.png in Resources */ = {isa = PBXBuildFile; fileRef = 61DD41AF1BA7C5850011C21B /* OnBlack.png */; };
		61DD41B31BA7C5850011C21B /* OnWhite.png in Resources */ = {isa = PBXBuildFile; fileRef = 61DD41B01BA7C5850011C21B /* OnWhite.png */; };
/* End PBXBuildFile section */

/* Begin PBXContainerItemProxy section */
		61DC9DC01B9EE71700BE3B51 /* PBXContainerItemProxy */ = {
			isa = PBXContainerItemProxy;
			containerPortal = 61DC9D9E1B9EE71700BE3B51 /* Project object */;
			proxyType = 1;
			remoteGlobalIDString = 61DC9DA51B9EE71700BE3B51;
			remoteInfo = "Customized UISwitch";
		};
/* End PBXContainerItemProxy section */

/* Begin PBXFileReference section */
		61DC9DA61B9EE71700BE3B51 /* Customized UISwitch.app */ = {isa = PBXFileReference; explicitFileType = wrapper.application; includeInIndex = 0; path = "Customized UISwitch.app"; sourceTree = BUILT_PRODUCTS_DIR; };
		61DC9DAA1B9EE71700BE3B51 /* Info.plist */ = {isa = PBXFileReference; lastKnownFileType = text.plist.xml; path = Info.plist; sourceTree = "<group>"; };
		61DC9DAB1B9EE71700BE3B51 /* main.m */ = {isa = PBXFileReference; lastKnownFileType = sourcecode.c.objc; path = main.m; sourceTree = "<group>"; };
		61DC9DAD1B9EE71700BE3B51 /* AppDelegate.h */ = {isa = PBXFileReference; lastKnownFileType = sourcecode.c.h; path = AppDelegate.h; sourceTree = "<group>"; };
		61DC9DAE1B9EE71700BE3B51 /* AppDelegate.m */ = {isa = PBXFileReference; lastKnownFileType = sourcecode.c.objc; path = AppDelegate.m; sourceTree = "<group>"; };
		61DC9DB01B9EE71700BE3B51 /* ViewController.h */ = {isa = PBXFileReference; lastKnownFileType = sourcecode.c.h; path = ViewController.h; sourceTree = "<group>"; };
		61DC9DB11B9EE71700BE3B51 /* ViewController.m */ = {isa = PBXFileReference; lastKnownFileType = sourcecode.c.objc; path = ViewController.m; sourceTree = "<group>"; };
		61DC9DB41B9EE71700BE3B51 /* Base */ = {isa = PBXFileReference; lastKnownFileType = file.storyboard; name = Base; path = Base.lproj/Main.storyboard; sourceTree = "<group>"; };
		61DC9DB61B9EE71700BE3B51 /* Images.xcassets */ = {isa = PBXFileReference; lastKnownFileType = folder.assetcatalog; path = Images.xcassets; sourceTree = "<group>"; };
		61DC9DB91B9EE71700BE3B51 /* Base */ = {isa = PBXFileReference; lastKnownFileType = file.xib; name = Base; path = Base.lproj/LaunchScreen.xib; sourceTree = "<group>"; };
		61DC9DBF1B9EE71700BE3B51 /* Customized UISwitchTests.xctest */ = {isa = PBXFileReference; explicitFileType = wrapper.cfbundle; includeInIndex = 0; path = "Customized UISwitchTests.xctest"; sourceTree = BUILT_PRODUCTS_DIR; };
		61DC9DC41B9EE71700BE3B51 /* Info.plist */ = {isa = PBXFileReference; lastKnownFileType = text.plist.xml; path = Info.plist; sourceTree = "<group>"; };
		61DC9DC51B9EE71700BE3B51 /* Customized_UISwitchTests.m */ = {isa = PBXFileReference; lastKnownFileType = sourcecode.c.objc; path = Customized_UISwitchTests.m; sourceTree = "<group>"; };
		61DD41AC1BA7C3A20011C21B /* OffBlack.png */ = {isa = PBXFileReference; lastKnownFileType = image.png; path = OffBlack.png; sourceTree = "<group>"; };
		61DD41AE1BA7C5850011C21B /* OffWhite.png */ = {isa = PBXFileReference; lastKnownFileType = image.png; path = OffWhite.png; sourceTree = "<group>"; };
		61DD41AF1BA7C5850011C21B /* OnBlack.png */ = {isa = PBXFileReference; lastKnownFileType = image.png; path = OnBlack.png; sourceTree = "<group>"; };
		61DD41B01BA7C5850011C21B /* OnWhite.png */ = {isa = PBXFileReference; lastKnownFileType = image.png; path = OnWhite.png; sourceTree = "<group>"; };
/* End PBXFileReference section */

/* Begin PBXFrameworksBuildPhase section */
		61DC9DA31B9EE71700BE3B51 /* Frameworks */ = {
			isa = PBXFrameworksBuildPhase;
			buildActionMask = 2147483647;
			files = (
			);
			runOnlyForDeploymentPostprocessing = 0;
		};
		61DC9DBC1B9EE71700BE3B51 /* Frameworks */ = {
			isa = PBXFrameworksBuildPhase;
			buildActionMask = 2147483647;
			files = (
			);
			runOnlyForDeploymentPostprocessing = 0;
		};
/* End PBXFrameworksBuildPhase section */

/* Begin PBXGroup section */
		61DC9D9D1B9EE71700BE3B51 = {
			isa = PBXGroup;
			children = (
				61DC9DA81B9EE71700BE3B51 /* Customized UISwitch */,
				61DC9DC21B9EE71700BE3B51 /* Customized UISwitchTests */,
				61DC9DA71B9EE71700BE3B51 /* Products */,
			);
			sourceTree = "<group>";
		};
		61DC9DA71B9EE71700BE3B51 /* Products */ = {
			isa = PBXGroup;
			children = (
				61DC9DA61B9EE71700BE3B51 /* Customized UISwitch.app */,
				61DC9DBF1B9EE71700BE3B51 /* Customized UISwitchTests.xctest */,
			);
			name = Products;
			sourceTree = "<group>";
		};
		61DC9DA81B9EE71700BE3B51 /* Customized UISwitch */ = {
			isa = PBXGroup;
			children = (
				61DD41AE1BA7C5850011C21B /* OffWhite.png */,
				61DD41AF1BA7C5850011C21B /* OnBlack.png */,
				61DD41B01BA7C5850011C21B /* OnWhite.png */,
				61DD41AC1BA7C3A20011C21B /* OffBlack.png */,
				61DC9DAD1B9EE71700BE3B51 /* AppDelegate.h */,
				61DC9DAE1B9EE71700BE3B51 /* AppDelegate.m */,
				61DC9DB01B9EE71700BE3B51 /* ViewController.h */,
				61DC9DB11B9EE71700BE3B51 /* ViewController.m */,
				61DC9DB31B9EE71700BE3B51 /* Main.storyboard */,
				61DC9DB61B9EE71700BE3B51 /* Images.xcassets */,
				61DC9DB81B9EE71700BE3B51 /* LaunchScreen.xib */,
				61DC9DA91B9EE71700BE3B51 /* Supporting Files */,
			);
			path = "Customized UISwitch";
			sourceTree = "<group>";
		};
		61DC9DA91B9EE71700BE3B51 /* Supporting Files */ = {
			isa = PBXGroup;
			children = (
				61DC9DAA1B9EE71700BE3B51 /* Info.plist */,
				61DC9DAB1B9EE71700BE3B51 /* main.m */,
			);
			name = "Supporting Files";
			sourceTree = "<group>";
		};
		61DC9DC21B9EE71700BE3B51 /* Customized UISwitchTests */ = {
			isa = PBXGroup;
			children = (
				61DC9DC51B9EE71700BE3B51 /* Customized_UISwitchTests.m */,
				61DC9DC31B9EE71700BE3B51 /* Supporting Files */,
			);
			path = "Customized UISwitchTests";
			sourceTree = "<group>";
		};
		61DC9DC31B9EE71700BE3B51 /* Supporting Files */ = {
			isa = PBXGroup;
			children = (
				61DC9DC41B9EE71700BE3B51 /* Info.plist */,
			);
			name = "Supporting Files";
			sourceTree = "<group>";
		};
/* End PBXGroup section */

/* Begin PBXNativeTarget section */
		61DC9DA51B9EE71700BE3B51 /* Customized UISwitch */ = {
			isa = PBXNativeTarget;
			buildConfigurationList = 61DC9DC91B9EE71700BE3B51 /* Build configuration list for PBXNativeTarget "Customized UISwitch" */;
			buildPhases = (
				61DC9DA21B9EE71700BE3B51 /* Sources */,
				61DC9DA31B9EE71700BE3B51 /* Frameworks */,
				61DC9DA41B9EE71700BE3B51 /* Resources */,
			);
			buildRules = (
			);
			dependencies = (
			);
			name = "Customized UISwitch";
			productName = "Customized UISwitch";
			productReference = 61DC9DA61B9EE71700BE3B51 /* Customized UISwitch.app */;
			productType = "com.apple.product-type.application";
		};
		61DC9DBE1B9EE71700BE3B51 /* Customized UISwitchTests */ = {
			isa = PBXNativeTarget;
			buildConfigurationList = 61DC9DCC1B9EE71700BE3B51 /* Build configuration list for PBXNativeTarget "Customized UISwitchTests" */;
			buildPhases = (
				61DC9DBB1B9EE71700BE3B51 /* Sources */,
				61DC9DBC1B9EE71700BE3B51 /* Frameworks */,
				61DC9DBD1B9EE71700BE3B51 /* Resources */,
			);
			buildRules = (
			);
			dependencies = (
				61DC9DC11B9EE71700BE3B51 /* PBXTargetDependency */,
			);
			name = "Customized UISwitchTests";
			productName = "Customized UISwitchTests";
			productReference = 61DC9DBF1B9EE71700BE3B51 /* Customized UISwitchTests.xctest */;
			productType = "com.apple.product-type.bundle.unit-test";
		};
/* End PBXNativeTarget section */

/* Begin PBXProject section */
		61DC9D9E1B9EE71700BE3B51 /* Project object */ = {
			isa = PBXProject;
			attributes = {
				LastUpgradeCheck = 0640;
				ORGANIZATIONNAME = hiepnq;
				TargetAttributes = {
					61DC9DA51B9EE71700BE3B51 = {
						CreatedOnToolsVersion = 6.4;
					};
					61DC9DBE1B9EE71700BE3B51 = {
						CreatedOnToolsVersion = 6.4;
						TestTargetID = 61DC9DA51B9EE71700BE3B51;
					};
				};
			};
			buildConfigurationList = 61DC9DA11B9EE71700BE3B51 /* Build configuration list for PBXProject "Customized UISwitch" */;
			compatibilityVersion = "Xcode 3.2";
			developmentRegion = English;
			hasScannedForEncodings = 0;
			knownRegions = (
				en,
				Base,
			);
			mainGroup = 61DC9D9D1B9EE71700BE3B51;
			productRefGroup = 61DC9DA71B9EE71700BE3B51 /* Products */;
			projectDirPath = "";
			projectRoot = "";
			targets = (
				61DC9DA51B9EE71700BE3B51 /* Customized UISwitch */,
				61DC9DBE1B9EE71700BE3B51 /* Customized UISwitchTests */,
			);
		};
/* End PBXProject section */

/* Begin PBXResourcesBuildPhase section */
		61DC9DA41B9EE71700BE3B51 /* Resources */ = {
			isa = PBXResourcesBuildPhase;
			buildActionMask = 2147483647;
			files = (
				61DD41B21BA7C5850011C21B /* OnBlack.png in Resources */,
				61DC9DB51B9EE71700BE3B51 /* Main.storyboard in Resources */,
				61DD41B31BA7C5850011C21B /* OnWhite.png in Resources */,
				61DC9DBA1B9EE71700BE3B51 /* LaunchScreen.xib in Resources */,
				61DC9DB71B9EE71700BE3B51 /* Images.xcassets in Resources */,
				61DD41B11BA7C5850011C21B /* OffWhite.png in Resources */,
				61DD41AD1BA7C3A20011C21B /* OffBlack.png in Resources */,
			);
			runOnlyForDeploymentPostprocessing = 0;
		};
		61DC9DBD1B9EE71700BE3B51 /* Resources */ = {
			isa = PBXResourcesBuildPhase;
			buildActionMask = 2147483647;
			files = (
			);
			runOnlyForDeploymentPostprocessing = 0;
		};
/* End PBXResourcesBuildPhase section */

/* Begin PBXSourcesBuildPhase section */
		61DC9DA21B9EE71700BE3B51 /* Sources */ = {
			isa = PBXSourcesBuildPhase;
			buildActionMask = 2147483647;
			files = (
				61DC9DB21B9EE71700BE3B51 /* ViewController.m in Sources */,
				61DC9DAF1B9EE71700BE3B51 /* AppDelegate.m in Sources */,
				61DC9DAC1B9EE71700BE3B51 /* main.m in Sources */,
			);
			runOnlyForDeploymentPostprocessing = 0;
		};
		61DC9DBB1B9EE71700BE3B51 /* Sources */ = {
			isa = PBXSourcesBuildPhase;
			buildActionMask = 2147483647;
			files = (
				61DC9DC61B9EE71700BE3B51 /* Customized_UISwitchTests.m in Sources */,
			);
			runOnlyForDeploymentPostprocessing = 0;
		};
/* End PBXSourcesBuildPhase section */

/* Begin PBXTargetDependency section */
		61DC9DC11B9EE71700BE3B51 /* PBXTargetDependency */ = {
			isa = PBXTargetDependency;
			target = 61DC9DA51B9EE71700BE3B51 /* Customized UISwitch */;
			targetProxy = 61DC9DC01B9EE71700BE3B51 /* PBXContainerItemProxy */;
		};
/* End PBXTargetDependency section */

/* Begin PBXVariantGroup section */
		61DC9DB31B9EE71700BE3B51 /* Main.storyboard */ = {
			isa = PBXVariantGroup;
			children = (
				61DC9DB41B9EE71700BE3B51 /* Base */,
			);
			name = Main.storyboard;
			sourceTree = "<group>";
		};
		61DC9DB81B9EE71700BE3B51 /* LaunchScreen.xib */ = {
			isa = PBXVariantGroup;
			children = (
				61DC9DB91B9EE71700BE3B51 /* Base */,
			);
			name = LaunchScreen.xib;
			sourceTree = "<group>";
		};
/* End PBXVariantGroup section */

/* Begin XCBuildConfiguration section */
		61DC9DC71B9EE71700BE3B51 /* Debug */ = {
			isa = XCBuildConfiguration;
			buildSettings = {
				ALWAYS_SEARCH_USER_PATHS = NO;
				CLANG_CXX_LANGUAGE_STANDARD = "gnu++0x";
				CLANG_CXX_LIBRARY = "libc++";
				CLANG_ENABLE_MODULES = YES;
				CLANG_ENABLE_OBJC_ARC = YES;
				CLANG_WARN_BOOL_CONVERSION = YES;
				CLANG_WARN_CONSTANT_CONVERSION = YES;
				CLANG_WARN_DIRECT_OBJC_ISA_USAGE = YES_ERROR;
				CLANG_WARN_EMPTY_BODY = YES;
				CLANG_WARN_ENUM_CONVERSION = YES;
				CLANG_WARN_INT_CONVERSION = YES;
				CLANG_WARN_OBJC_ROOT_CLASS = YES_ERROR;
				CLANG_WARN_UNREACHABLE_CODE = YES;
				CLANG_WARN__DUPLICATE_METHOD_MATCH = YES;
				"CODE_SIGN_IDENTITY[sdk=iphoneos*]" = "iPhone Developer";
				COPY_PHASE_STRIP = NO;
				DEBUG_INFORMATION_FORMAT = "dwarf-with-dsym";
				ENABLE_STRICT_OBJC_MSGSEND = YES;
				GCC_C_LANGUAGE_STANDARD = gnu99;
				GCC_DYNAMIC_NO_PIC = NO;
				GCC_NO_COMMON_BLOCKS = YES;
				GCC_OPTIMIZATION_LEVEL = 0;
				GCC_PREPROCESSOR_DEFINITIONS = (
					"DEBUG=1",
					"$(inherited)",
				);
				GCC_SYMBOLS_PRIVATE_EXTERN = NO;
				GCC_WARN_64_TO_32_BIT_CONVERSION = YES;
				GCC_WARN_ABOUT_RETURN_TYPE = YES_ERROR;
				GCC_WARN_UNDECLARED_SELECTOR = YES;
				GCC_WARN_UNINITIALIZED_AUTOS = YES_AGGRESSIVE;
				GCC_WARN_UNUSED_FUNCTION = YES;
				GCC_WARN_UNUSED_VARIABLE = YES;
				IPHONEOS_DEPLOYMENT_TARGET = 8.4;
				MTL_ENABLE_DEBUG_INFO = YES;
				ONLY_ACTIVE_ARCH = YES;
				SDKROOT = iphoneos;
			};
			name = Debug;
		};
		61DC9DC81B9EE71700BE3B51 /* Release */ = {
			isa = XCBuildConfiguration;
			buildSettings = {
				ALWAYS_SEARCH_USER_PATHS = NO;
				CLANG_CXX_LANGUAGE_STANDARD = "gnu++0x";
				CLANG_CXX_LIBRARY = "libc++";
				CLANG_ENABLE_MODULES = YES;
				CLANG_ENABLE_OBJC_ARC = YES;
				CLANG_WARN_BOOL_CONVERSION = YES;
				CLANG_WARN_CONSTANT_CONVERSION = YES;
				CLANG_WARN_DIRECT_OBJC_ISA_USAGE = YES_ERROR;
				CLANG_WARN_EMPTY_BODY = YES;
				CLANG_WARN_ENUM_CONVERSION = YES;
				CLANG_WARN_INT_CONVERSION = YES;
				CLANG_WARN_OBJC_ROOT_CLASS = YES_ERROR;
				CLANG_WARN_UNREACHABLE_CODE = YES;
				CLANG_WARN__DUPLICATE_METHOD_MATCH = YES;
				"CODE_SIGN_IDENTITY[sdk=iphoneos*]" = "iPhone Developer";
				COPY_PHASE_STRIP = NO;
				DEBUG_INFORMATION_FORMAT = "dwarf-with-dsym";
				ENABLE_NS_ASSERTIONS = NO;
				ENABLE_STRICT_OBJC_MSGSEND = YES;
				GCC_C_LANGUAGE_STANDARD = gnu99;
				GCC_NO_COMMON_BLOCKS = YES;
				GCC_WARN_64_TO_32_BIT_CONVERSION = YES;
				GCC_WARN_ABOUT_RETURN_TYPE = YES_ERROR;
				GCC_WARN_UNDECLARED_SELECTOR = YES;
				GCC_WARN_UNINITIALIZED_AUTOS = YES_AGGRESSIVE;
				GCC_WARN_UNUSED_FUNCTION = YES;
				GCC_WARN_UNUSED_VARIABLE = YES;
				IPHONEOS_DEPLOYMENT_TARGET = 8.4;
				MTL_ENABLE_DEBUG_INFO = NO;
				SDKROOT = iphoneos;
				VALIDATE_PRODUCT = YES;
			};
			name = Release;
		};
		61DC9DCA1B9EE71700BE3B51 /* Debug */ = {
			isa = XCBuildConfiguration;
			buildSettings = {
				ASSETCATALOG_COMPILER_APPICON_NAME = AppIcon;
				INFOPLIST_FILE = "Customized UISwitch/Info.plist";
				LD_RUNPATH_SEARCH_PATHS = "$(inherited) @executable_path/Frameworks";
				PRODUCT_NAME = "$(TARGET_NAME)";
			};
			name = Debug;
		};
		61DC9DCB1B9EE71700BE3B51 /* Release */ = {
			isa = XCBuildConfiguration;
			buildSettings = {
				ASSETCATALOG_COMPILER_APPICON_NAME = AppIcon;
				INFOPLIST_FILE = "Customized UISwitch/Info.plist";
				LD_RUNPATH_SEARCH_PATHS = "$(inherited) @executable_path/Frameworks";
				PRODUCT_NAME = "$(TARGET_NAME)";
			};
			name = Release;
		};
		61DC9DCD1B9EE71700BE3B51 /* Debug */ = {
			isa = XCBuildConfiguration;
			buildSettings = {
				BUNDLE_LOADER = "$(TEST_HOST)";
				FRAMEWORK_SEARCH_PATHS = (
					"$(SDKROOT)/Developer/Library/Frameworks",
					"$(inherited)",
				);
				GCC_PREPROCESSOR_DEFINITIONS = (
					"DEBUG=1",
					"$(inherited)",
				);
				INFOPLIST_FILE = "Customized UISwitchTests/Info.plist";
				LD_RUNPATH_SEARCH_PATHS = "$(inherited) @executable_path/Frameworks @loader_path/Frameworks";
				PRODUCT_NAME = "$(TARGET_NAME)";
				TEST_HOST = "$(BUILT_PRODUCTS_DIR)/Customized UISwitch.app/Customized UISwitch";
			};
			name = Debug;
		};
		61DC9DCE1B9EE71700BE3B51 /* Release */ = {
			isa = XCBuildConfiguration;
			buildSettings = {
				BUNDLE_LOADER = "$(TEST_HOST)";
				FRAMEWORK_SEARCH_PATHS = (
					"$(SDKROOT)/Developer/Library/Frameworks",
					"$(inherited)",
				);
				INFOPLIST_FILE = "Customized UISwitchTests/Info.plist";
				LD_RUNPATH_SEARCH_PATHS = "$(inherited) @executable_path/Frameworks @loader_path/Frameworks";
				PRODUCT_NAME = "$(TARGET_NAME)";
				TEST_HOST = "$(BUILT_PRODUCTS_DIR)/Customized UISwitch.app/Customized UISwitch";
			};
			name = Release;
		};
/* End XCBuildConfiguration section */

/* Begin XCConfigurationList section */
		61DC9DA11B9EE71700BE3B51 /* Build configuration list for PBXProject "Customized UISwitch" */ = {
			isa = XCConfigurationList;
			buildConfigurations = (
				61DC9DC71B9EE71700BE3B51 /* Debug */,
				61DC9DC81B9EE71700BE3B51 /* Release */,
			);
			defaultConfigurationIsVisible = 0;
			defaultConfigurationName = Release;
		};
		61DC9DC91B9EE71700BE3B51 /* Build configuration list for PBXNativeTarget "Customized UISwitch" */ = {
			isa = XCConfigurationList;
			buildConfigurations = (
				61DC9DCA1B9EE71700BE3B51 /* Debug */,
				61DC9DCB1B9EE71700BE3B51 /* Release */,
			);
			defaultConfigurationIsVisible = 0;
			defaultConfigurationName = Release;
		};
		61DC9DCC1B9EE71700BE3B51 /* Build configuration list for PBXNativeTarget "Customized UISwitchTests" */ = {
			isa = XCConfigurationList;
			buildConfigurations = (
				61DC9DCD1B9EE71700BE3B51 /* Debug */,
				61DC9DCE1B9EE71700BE3B51 /* Release */,
			);
			defaultConfigurationIsVisible = 0;
			defaultConfigurationName = Release;
		};
/* End XCConfigurationList section */
	};
	rootObject = 61DC9D9E1B9EE71700BE3B51 /* Project object */;
}
